// !$*UTF8*$!
{
	archiveVersion = 1;
	classes = {
	};
	objectVersion = 77;
	objects = {

/* Begin PBXBuildFile section */
		681DE9B62DBDE9DE00565535 /* MathParser in Frameworks */ = {isa = PBXBuildFile; productRef = 681DE9B52DBDE9DE00565535 /* MathParser */; };
		681F00DF2DBD8872007838C4 /* DGCharts in Frameworks */ = {isa = PBXBuildFile; productRef = 681F00DE2DBD8872007838C4 /* DGCharts */; };
		68D3492A2DBD699500AC81FE /* FSCalendar in Frameworks */ = {isa = PBXBuildFile; productRef = 68D349292DBD699500AC81FE /* FSCalendar */; };
/* End PBXBuildFile section */

/* Begin PBXContainerItemProxy section */
		6808D4E62DBD54D50069C150 /* PBXContainerItemProxy */ = {
			isa = PBXContainerItemProxy;
			containerPortal = 6808D4C42DBD54D40069C150 /* Project object */;
			proxyType = 1;
			remoteGlobalIDString = 6808D4CB2DBD54D40069C150;
			remoteInfo = otracker;
		};
		6808D4F02DBD54D50069C150 /* PBXContainerItemProxy */ = {
			isa = PBXContainerItemProxy;
			containerPortal = 6808D4C42DBD54D40069C150 /* Project object */;
			proxyType = 1;
			remoteGlobalIDString = 6808D4CB2DBD54D40069C150;
			remoteInfo = otracker;
		};
/* End PBXContainerItemProxy section */

/* Begin PBXFileReference section */
		6808D4CC2DBD54D40069C150 /* otracker.app */ = {isa = PBXFileReference; explicitFileType = wrapper.application; includeInIndex = 0; path = otracker.app; sourceTree = BUILT_PRODUCTS_DIR; };
		6808D4E52DBD54D50069C150 /* otrackerTests.xctest */ = {isa = PBXFileReference; explicitFileType = wrapper.cfbundle; includeInIndex = 0; path = otrackerTests.xctest; sourceTree = BUILT_PRODUCTS_DIR; };
		6808D4EF2DBD54D50069C150 /* otrackerUITests.xctest */ = {isa = PBXFileReference; explicitFileType = wrapper.cfbundle; includeInIndex = 0; path = otrackerUITests.xctest; sourceTree = BUILT_PRODUCTS_DIR; };
/* End PBXFileReference section */

/* Begin PBXFileSystemSynchronizedBuildFileExceptionSet section */
		6808D4F72DBD54D50069C150 /* Exceptions for "otracker" folder in "otracker" target */ = {
			isa = PBXFileSystemSynchronizedBuildFileExceptionSet;
			membershipExceptions = (
				Info.plist,
			);
			target = 6808D4CB2DBD54D40069C150 /* otracker */;
		};
/* End PBXFileSystemSynchronizedBuildFileExceptionSet section */

/* Begin PBXFileSystemSynchronizedRootGroup section */
		6808D4CE2DBD54D40069C150 /* otracker */ = {
			isa = PBXFileSystemSynchronizedRootGroup;
			exceptions = (
				6808D4F72DBD54D50069C150 /* Exceptions for "otracker" folder in "otracker" target */,
			);
			path = otracker;
			sourceTree = "<group>";
		};
		6808D4E82DBD54D50069C150 /* otrackerTests */ = {
			isa = PBXFileSystemSynchronizedRootGroup;
			path = otrackerTests;
			sourceTree = "<group>";
		};
		6808D4F22DBD54D50069C150 /* otrackerUITests */ = {
			isa = PBXFileSystemSynchronizedRootGroup;
			path = otrackerUITests;
			sourceTree = "<group>";
		};
/* End PBXFileSystemSynchronizedRootGroup section */

/* Begin PBXFrameworksBuildPhase section */
		6808D4C92DBD54D40069C150 /* Frameworks */ = {
			isa = PBXFrameworksBuildPhase;
			buildActionMask = 2147483647;
			files = (
				681F00DF2DBD8872007838C4 /* DGCharts in Frameworks */,
				681DE9B62DBDE9DE00565535 /* MathParser in Frameworks */,
				68D3492A2DBD699500AC81FE /* FSCalendar in Frameworks */,
			);
			runOnlyForDeploymentPostprocessing = 0;
		};
		6808D4E22DBD54D50069C150 /* Frameworks */ = {
			isa = PBXFrameworksBuildPhase;
			buildActionMask = 2147483647;
			files = (
			);
			runOnlyForDeploymentPostprocessing = 0;
		};
		6808D4EC2DBD54D50069C150 /* Frameworks */ = {
			isa = PBXFrameworksBuildPhase;
			buildActionMask = 2147483647;
			files = (
			);
			runOnlyForDeploymentPostprocessing = 0;
		};
/* End PBXFrameworksBuildPhase section */

/* Begin PBXGroup section */
		6808D4C32DBD54D40069C150 = {
			isa = PBXGroup;
			children = (
				6808D4CE2DBD54D40069C150 /* otracker */,
				6808D4E82DBD54D50069C150 /* otrackerTests */,
				6808D4F22DBD54D50069C150 /* otrackerUITests */,
				6808D4CD2DBD54D40069C150 /* Products */,
			);
			sourceTree = "<group>";
		};
		6808D4CD2DBD54D40069C150 /* Products */ = {
			isa = PBXGroup;
			children = (
				6808D4CC2DBD54D40069C150 /* otracker.app */,
				6808D4E52DBD54D50069C150 /* otrackerTests.xctest */,
				6808D4EF2DBD54D50069C150 /* otrackerUITests.xctest */,
			);
			name = Products;
			sourceTree = "<group>";
		};
/* End PBXGroup section */

/* Begin PBXNativeTarget section */
		6808D4CB2DBD54D40069C150 /* otracker */ = {
			isa = PBXNativeTarget;
			buildConfigurationList = 6808D4F82DBD54D50069C150 /* Build configuration list for PBXNativeTarget "otracker" */;
			buildPhases = (
				6808D4C82DBD54D40069C150 /* Sources */,
				6808D4C92DBD54D40069C150 /* Frameworks */,
				6808D4CA2DBD54D40069C150 /* Resources */,
			);
			buildRules = (
			);
			dependencies = (
			);
			fileSystemSynchronizedGroups = (
				6808D4CE2DBD54D40069C150 /* otracker */,
			);
			name = otracker;
			packageProductDependencies = (
				68D349292DBD699500AC81FE /* FSCalendar */,
				681F00DE2DBD8872007838C4 /* DGCharts */,
				681DE9B52DBDE9DE00565535 /* MathParser */,
			);
			productName = otracker;
			productReference = 6808D4CC2DBD54D40069C150 /* otracker.app */;
			productType = "com.apple.product-type.application";
		};
		6808D4E42DBD54D50069C150 /* otrackerTests */ = {
			isa = PBXNativeTarget;
			buildConfigurationList = 6808D4FD2DBD54D50069C150 /* Build configuration list for PBXNativeTarget "otrackerTests" */;
			buildPhases = (
				6808D4E12DBD54D50069C150 /* Sources */,
				6808D4E22DBD54D50069C150 /* Frameworks */,
				6808D4E32DBD54D50069C150 /* Resources */,
			);
			buildRules = (
			);
			dependencies = (
				6808D4E72DBD54D50069C150 /* PBXTargetDependency */,
			);
			fileSystemSynchronizedGroups = (
				6808D4E82DBD54D50069C150 /* otrackerTests */,
			);
			name = otrackerTests;
			packageProductDependencies = (
			);
			productName = otrackerTests;
			productReference = 6808D4E52DBD54D50069C150 /* otrackerTests.xctest */;
			productType = "com.apple.product-type.bundle.unit-test";
		};
		6808D4EE2DBD54D50069C150 /* otrackerUITests */ = {
			isa = PBXNativeTarget;
			buildConfigurationList = 6808D5002DBD54D50069C150 /* Build configuration list for PBXNativeTarget "otrackerUITests" */;
			buildPhases = (
				6808D4EB2DBD54D50069C150 /* Sources */,
				6808D4EC2DBD54D50069C150 /* Frameworks */,
				6808D4ED2DBD54D50069C150 /* Resources */,
			);
			buildRules = (
			);
			dependencies = (
				6808D4F12DBD54D50069C150 /* PBXTargetDependency */,
			);
			fileSystemSynchronizedGroups = (
				6808D4F22DBD54D50069C150 /* otrackerUITests */,
			);
			name = otrackerUITests;
			packageProductDependencies = (
			);
			productName = otrackerUITests;
			productReference = 6808D4EF2DBD54D50069C150 /* otrackerUITests.xctest */;
			productType = "com.apple.product-type.bundle.ui-testing";
		};
/* End PBXNativeTarget section */

/* Begin PBXProject section */
		6808D4C42DBD54D40069C150 /* Project object */ = {
			isa = PBXProject;
			attributes = {
				BuildIndependentTargetsInParallel = 1;
				LastSwiftUpdateCheck = 1630;
				LastUpgradeCheck = 1630;
				TargetAttributes = {
					6808D4CB2DBD54D40069C150 = {
						CreatedOnToolsVersion = 16.3;
					};
					6808D4E42DBD54D50069C150 = {
						CreatedOnToolsVersion = 16.3;
						TestTargetID = 6808D4CB2DBD54D40069C150;
					};
					6808D4EE2DBD54D50069C150 = {
						CreatedOnToolsVersion = 16.3;
						TestTargetID = 6808D4CB2DBD54D40069C150;
					};
				};
			};
			buildConfigurationList = 6808D4C72DBD54D40069C150 /* Build configuration list for PBXProject "otracker" */;
			developmentRegion = en;
			hasScannedForEncodings = 0;
			knownRegions = (
				en,
				Base,
			);
			mainGroup = 6808D4C32DBD54D40069C150;
			minimizedProjectReferenceProxies = 1;
			packageReferences = (
				68D349282DBD699500AC81FE /* XCRemoteSwiftPackageReference "FSCalendar" */,
				681F00DD2DBD8872007838C4 /* XCRemoteSwiftPackageReference "Charts" */,
				681DE9B42DBDE9DE00565535 /* XCRemoteSwiftPackageReference "DDMathParser" */,
			);
			preferredProjectObjectVersion = 77;
			productRefGroup = 6808D4CD2DBD54D40069C150 /* Products */;
			projectDirPath = "";
			projectRoot = "";
			targets = (
				6808D4CB2DBD54D40069C150 /* otracker */,
				6808D4E42DBD54D50069C150 /* otrackerTests */,
				6808D4EE2DBD54D50069C150 /* otrackerUITests */,
			);
		};
/* End PBXProject section */

/* Begin PBXResourcesBuildPhase section */
		6808D4CA2DBD54D40069C150 /* Resources */ = {
			isa = PBXResourcesBuildPhase;
			buildActionMask = 2147483647;
			files = (
			);
			runOnlyForDeploymentPostprocessing = 0;
		};
		6808D4E32DBD54D50069C150 /* Resources */ = {
			isa = PBXResourcesBuildPhase;
			buildActionMask = 2147483647;
			files = (
			);
			runOnlyForDeploymentPostprocessing = 0;
		};
		6808D4ED2DBD54D50069C150 /* Resources */ = {
			isa = PBXResourcesBuildPhase;
			buildActionMask = 2147483647;
			files = (
			);
			runOnlyForDeploymentPostprocessing = 0;
		};
/* End PBXResourcesBuildPhase section */

/* Begin PBXSourcesBuildPhase section */
		6808D4C82DBD54D40069C150 /* Sources */ = {
			isa = PBXSourcesBuildPhase;
			buildActionMask = 2147483647;
			files = (
			);
			runOnlyForDeploymentPostprocessing = 0;
		};
		6808D4E12DBD54D50069C150 /* Sources */ = {
			isa = PBXSourcesBuildPhase;
			buildActionMask = 2147483647;
			files = (
			);
			runOnlyForDeploymentPostprocessing = 0;
		};
		6808D4EB2DBD54D50069C150 /* Sources */ = {
			isa = PBXSourcesBuildPhase;
			buildActionMask = 2147483647;
			files = (
			);
			runOnlyForDeploymentPostprocessing = 0;
		};
/* End PBXSourcesBuildPhase section */

/* Begin PBXTargetDependency section */
		6808D4E72DBD54D50069C150 /* PBXTargetDependency */ = {
			isa = PBXTargetDependency;
			target = 6808D4CB2DBD54D40069C150 /* otracker */;
			targetProxy = 6808D4E62DBD54D50069C150 /* PBXContainerItemProxy */;
		};
		6808D4F12DBD54D50069C150 /* PBXTargetDependency */ = {
			isa = PBXTargetDependency;
			target = 6808D4CB2DBD54D40069C150 /* otracker */;
			targetProxy = 6808D4F02DBD54D50069C150 /* PBXContainerItemProxy */;
		};
/* End PBXTargetDependency section */

/* Begin XCBuildConfiguration section */
		6808D4F92DBD54D50069C150 /* Debug */ = {
			isa = XCBuildConfiguration;
			buildSettings = {
				ASSETCATALOG_COMPILER_APPICON_NAME = AppIcon;
				ASSETCATALOG_COMPILER_GLOBAL_ACCENT_COLOR_NAME = AccentColor;
				CODE_SIGN_ENTITLEMENTS = otracker/otracker.entitlements;
				CODE_SIGN_STYLE = Automatic;
				CURRENT_PROJECT_VERSION = 1;
				DEVELOPMENT_TEAM = 464MBYJ7TP;
				GENERATE_INFOPLIST_FILE = YES;
				INFOPLIST_FILE = otracker/Info.plist;
				INFOPLIST_KEY_UIApplicationSupportsIndirectInputEvents = YES;
				INFOPLIST_KEY_UILaunchStoryboardName = LaunchScreen;
				INFOPLIST_KEY_UIMainStoryboardFile = Main;
				INFOPLIST_KEY_UISupportedInterfaceOrientations_iPad = "UIInterfaceOrientationPortrait UIInterfaceOrientationPortraitUpsideDown UIInterfaceOrientationLandscapeLeft UIInterfaceOrientationLandscapeRight";
				INFOPLIST_KEY_UISupportedInterfaceOrientations_iPhone = "UIInterfaceOrientationPortrait UIInterfaceOrientationLandscapeLeft UIInterfaceOrientationLandscapeRight";
				IPHONEOS_DEPLOYMENT_TARGET = 18.0;
				LD_RUNPATH_SEARCH_PATHS = (
					"$(inherited)",
					"@executable_path/Frameworks",
				);
				MARKETING_VERSION = 1.0;
				PRODUCT_BUNDLE_IDENTIFIER = me.onat.otracker;
				PRODUCT_NAME = "$(TARGET_NAME)";
				SWIFT_EMIT_LOC_STRINGS = YES;
				SWIFT_VERSION = 5.0;
				TARGETED_DEVICE_FAMILY = "1,2";
			};
			name = Debug;
		};
		6808D4FA2DBD54D50069C150 /* Release */ = {
			isa = XCBuildConfiguration;
			buildSettings = {
				ASSETCATALOG_COMPILER_APPICON_NAME = AppIcon;
				ASSETCATALOG_COMPILER_GLOBAL_ACCENT_COLOR_NAME = AccentColor;
				CODE_SIGN_ENTITLEMENTS = otracker/otracker.entitlements;
				CODE_SIGN_STYLE = Automatic;
				CURRENT_PROJECT_VERSION = 1;
				DEVELOPMENT_TEAM = 464MBYJ7TP;
				GENERATE_INFOPLIST_FILE = YES;
				INFOPLIST_FILE = otracker/Info.plist;
				INFOPLIST_KEY_UIApplicationSupportsIndirectInputEvents = YES;
				INFOPLIST_KEY_UILaunchStoryboardName = LaunchScreen;
				INFOPLIST_KEY_UIMainStoryboardFile = Main;
				INFOPLIST_KEY_UISupportedInterfaceOrientations_iPad = "UIInterfaceOrientationPortrait UIInterfaceOrientationPortraitUpsideDown UIInterfaceOrientationLandscapeLeft UIInterfaceOrientationLandscapeRight";
				INFOPLIST_KEY_UISupportedInterfaceOrientations_iPhone = "UIInterfaceOrientationPortrait UIInterfaceOrientationLandscapeLeft UIInterfaceOrientationLandscapeRight";
				IPHONEOS_DEPLOYMENT_TARGET = 18.0;
				LD_RUNPATH_SEARCH_PATHS = (
					"$(inherited)",
					"@executable_path/Frameworks",
				);
				MARKETING_VERSION = 1.0;
				PRODUCT_BUNDLE_IDENTIFIER = me.onat.otracker;
				PRODUCT_NAME = "$(TARGET_NAME)";
				SWIFT_EMIT_LOC_STRINGS = YES;
				SWIFT_VERSION = 5.0;
				TARGETED_DEVICE_FAMILY = "1,2";
			};
			name = Release;
		};
		6808D4FB2DBD54D50069C150 /* Debug */ = {
			isa = XCBuildConfiguration;
			buildSettings = {
				ALWAYS_SEARCH_USER_PATHS = NO;
				ASSETCATALOG_COMPILER_GENERATE_SWIFT_ASSET_SYMBOL_EXTENSIONS = YES;
				CLANG_ANALYZER_NONNULL = YES;
				CLANG_ANALYZER_NUMBER_OBJECT_CONVERSION = YES_AGGRESSIVE;
				CLANG_CXX_LANGUAGE_STANDARD = "gnu++20";
				CLANG_ENABLE_MODULES = YES;
				CLANG_ENABLE_OBJC_ARC = YES;
				CLANG_ENABLE_OBJC_WEAK = YES;
				CLANG_WARN_BLOCK_CAPTURE_AUTORELEASING = YES;
				CLANG_WARN_BOOL_CONVERSION = YES;
				CLANG_WARN_COMMA = YES;
				CLANG_WARN_CONSTANT_CONVERSION = YES;
				CLANG_WARN_DEPRECATED_OBJC_IMPLEMENTATIONS = YES;
				CLANG_WARN_DIRECT_OBJC_ISA_USAGE = YES_ERROR;
				CLANG_WARN_DOCUMENTATION_COMMENTS = YES;
				CLANG_WARN_EMPTY_BODY = YES;
				CLANG_WARN_ENUM_CONVERSION = YES;
				CLANG_WARN_INFINITE_RECURSION = YES;
				CLANG_WARN_INT_CONVERSION = YES;
				CLANG_WARN_NON_LITERAL_NULL_CONVERSION = YES;
				CLANG_WARN_OBJC_IMPLICIT_RETAIN_SELF = YES;
				CLANG_WARN_OBJC_LITERAL_CONVERSION = YES;
				CLANG_WARN_OBJC_ROOT_CLASS = YES_ERROR;
				CLANG_WARN_QUOTED_INCLUDE_IN_FRAMEWORK_HEADER = YES;
				CLANG_WARN_RANGE_LOOP_ANALYSIS = YES;
				CLANG_WARN_STRICT_PROTOTYPES = YES;
				CLANG_WARN_SUSPICIOUS_MOVE = YES;
				CLANG_WARN_UNGUARDED_AVAILABILITY = YES_AGGRESSIVE;
				CLANG_WARN_UNREACHABLE_CODE = YES;
				CLANG_WARN__DUPLICATE_METHOD_MATCH = YES;
				COPY_PHASE_STRIP = NO;
				DEBUG_INFORMATION_FORMAT = dwarf;
				ENABLE_STRICT_OBJC_MSGSEND = YES;
				ENABLE_TESTABILITY = YES;
				ENABLE_USER_SCRIPT_SANDBOXING = YES;
				GCC_C_LANGUAGE_STANDARD = gnu17;
				GCC_DYNAMIC_NO_PIC = NO;
				GCC_NO_COMMON_BLOCKS = YES;
				GCC_OPTIMIZATION_LEVEL = 0;
				GCC_PREPROCESSOR_DEFINITIONS = (
					"DEBUG=1",
					"$(inherited)",
				);
				GCC_WARN_64_TO_32_BIT_CONVERSION = YES;
				GCC_WARN_ABOUT_RETURN_TYPE = YES_ERROR;
				GCC_WARN_UNDECLARED_SELECTOR = YES;
				GCC_WARN_UNINITIALIZED_AUTOS = YES_AGGRESSIVE;
				GCC_WARN_UNUSED_FUNCTION = YES;
				GCC_WARN_UNUSED_VARIABLE = YES;
				IPHONEOS_DEPLOYMENT_TARGET = 18.4;
				LOCALIZATION_PREFERS_STRING_CATALOGS = YES;
				MTL_ENABLE_DEBUG_INFO = INCLUDE_SOURCE;
				MTL_FAST_MATH = YES;
				ONLY_ACTIVE_ARCH = YES;
				SDKROOT = iphoneos;
				SWIFT_ACTIVE_COMPILATION_CONDITIONS = "DEBUG $(inherited)";
				SWIFT_OPTIMIZATION_LEVEL = "-Onone";
			};
			name = Debug;
		};
		6808D4FC2DBD54D50069C150 /* Release */ = {
			isa = XCBuildConfiguration;
			buildSettings = {
				ALWAYS_SEARCH_USER_PATHS = NO;
				ASSETCATALOG_COMPILER_GENERATE_SWIFT_ASSET_SYMBOL_EXTENSIONS = YES;
				CLANG_ANALYZER_NONNULL = YES;
				CLANG_ANALYZER_NUMBER_OBJECT_CONVERSION = YES_AGGRESSIVE;
				CLANG_CXX_LANGUAGE_STANDARD = "gnu++20";
				CLANG_ENABLE_MODULES = YES;
				CLANG_ENABLE_OBJC_ARC = YES;
				CLANG_ENABLE_OBJC_WEAK = YES;
				CLANG_WARN_BLOCK_CAPTURE_AUTORELEASING = YES;
				CLANG_WARN_BOOL_CONVERSION = YES;
				CLANG_WARN_COMMA = YES;
				CLANG_WARN_CONSTANT_CONVERSION = YES;
				CLANG_WARN_DEPRECATED_OBJC_IMPLEMENTATIONS = YES;
				CLANG_WARN_DIRECT_OBJC_ISA_USAGE = YES_ERROR;
				CLANG_WARN_DOCUMENTATION_COMMENTS = YES;
				CLANG_WARN_EMPTY_BODY = YES;
				CLANG_WARN_ENUM_CONVERSION = YES;
				CLANG_WARN_INFINITE_RECURSION = YES;
				CLANG_WARN_INT_CONVERSION = YES;
				CLANG_WARN_NON_LITERAL_NULL_CONVERSION = YES;
				CLANG_WARN_OBJC_IMPLICIT_RETAIN_SELF = YES;
				CLANG_WARN_OBJC_LITERAL_CONVERSION = YES;
				CLANG_WARN_OBJC_ROOT_CLASS = YES_ERROR;
				CLANG_WARN_QUOTED_INCLUDE_IN_FRAMEWORK_HEADER = YES;
				CLANG_WARN_RANGE_LOOP_ANALYSIS = YES;
				CLANG_WARN_STRICT_PROTOTYPES = YES;
				CLANG_WARN_SUSPICIOUS_MOVE = YES;
				CLANG_WARN_UNGUARDED_AVAILABILITY = YES_AGGRESSIVE;
				CLANG_WARN_UNREACHABLE_CODE = YES;
				CLANG_WARN__DUPLICATE_METHOD_MATCH = YES;
				COPY_PHASE_STRIP = NO;
				DEBUG_INFORMATION_FORMAT = "dwarf-with-dsym";
				ENABLE_NS_ASSERTIONS = NO;
				ENABLE_STRICT_OBJC_MSGSEND = YES;
				ENABLE_USER_SCRIPT_SANDBOXING = YES;
				GCC_C_LANGUAGE_STANDARD = gnu17;
				GCC_NO_COMMON_BLOCKS = YES;
				GCC_WARN_64_TO_32_BIT_CONVERSION = YES;
				GCC_WARN_ABOUT_RETURN_TYPE = YES_ERROR;
				GCC_WARN_UNDECLARED_SELECTOR = YES;
				GCC_WARN_UNINITIALIZED_AUTOS = YES_AGGRESSIVE;
				GCC_WARN_UNUSED_FUNCTION = YES;
				GCC_WARN_UNUSED_VARIABLE = YES;
				IPHONEOS_DEPLOYMENT_TARGET = 18.4;
				LOCALIZATION_PREFERS_STRING_CATALOGS = YES;
				MTL_ENABLE_DEBUG_INFO = NO;
				MTL_FAST_MATH = YES;
				SDKROOT = iphoneos;
				SWIFT_COMPILATION_MODE = wholemodule;
				VALIDATE_PRODUCT = YES;
			};
			name = Release;
		};
		6808D4FE2DBD54D50069C150 /* Debug */ = {
			isa = XCBuildConfiguration;
			buildSettings = {
				BUNDLE_LOADER = "$(TEST_HOST)";
				CODE_SIGN_STYLE = Automatic;
				CURRENT_PROJECT_VERSION = 1;
				DEVELOPMENT_TEAM = 464MBYJ7TP;
				GENERATE_INFOPLIST_FILE = YES;
				IPHONEOS_DEPLOYMENT_TARGET = 18.0;
				MARKETING_VERSION = 1.0;
				PRODUCT_BUNDLE_IDENTIFIER = me.onat.otrackerTests;
				PRODUCT_NAME = "$(TARGET_NAME)";
				SWIFT_EMIT_LOC_STRINGS = NO;
				SWIFT_VERSION = 5.0;
				TARGETED_DEVICE_FAMILY = "1,2";
				TEST_HOST = "$(BUILT_PRODUCTS_DIR)/otracker.app/$(BUNDLE_EXECUTABLE_FOLDER_PATH)/otracker";
			};
			name = Debug;
		};
		6808D4FF2DBD54D50069C150 /* Release */ = {
			isa = XCBuildConfiguration;
			buildSettings = {
				BUNDLE_LOADER = "$(TEST_HOST)";
				CODE_SIGN_STYLE = Automatic;
				CURRENT_PROJECT_VERSION = 1;
				DEVELOPMENT_TEAM = 464MBYJ7TP;
				GENERATE_INFOPLIST_FILE = YES;
				IPHONEOS_DEPLOYMENT_TARGET = 18.0;
				MARKETING_VERSION = 1.0;
				PRODUCT_BUNDLE_IDENTIFIER = me.onat.otrackerTests;
				PRODUCT_NAME = "$(TARGET_NAME)";
				SWIFT_EMIT_LOC_STRINGS = NO;
				SWIFT_VERSION = 5.0;
				TARGETED_DEVICE_FAMILY = "1,2";
				TEST_HOST = "$(BUILT_PRODUCTS_DIR)/otracker.app/$(BUNDLE_EXECUTABLE_FOLDER_PATH)/otracker";
			};
			name = Release;
		};
		6808D5012DBD54D50069C150 /* Debug */ = {
			isa = XCBuildConfiguration;
			buildSettings = {
				CODE_SIGN_STYLE = Automatic;
				CURRENT_PROJECT_VERSION = 1;
				DEVELOPMENT_TEAM = 464MBYJ7TP;
				GENERATE_INFOPLIST_FILE = YES;
				MARKETING_VERSION = 1.0;
				PRODUCT_BUNDLE_IDENTIFIER = me.onat.otrackerUITests;
				PRODUCT_NAME = "$(TARGET_NAME)";
				SWIFT_EMIT_LOC_STRINGS = NO;
				SWIFT_VERSION = 5.0;
				TARGETED_DEVICE_FAMILY = "1,2";
				TEST_TARGET_NAME = otracker;
			};
			name = Debug;
		};
		6808D5022DBD54D50069C150 /* Release */ = {
			isa = XCBuildConfiguration;
			buildSettings = {
				CODE_SIGN_STYLE = Automatic;
				CURRENT_PROJECT_VERSION = 1;
				DEVELOPMENT_TEAM = 464MBYJ7TP;
				GENERATE_INFOPLIST_FILE = YES;
				MARKETING_VERSION = 1.0;
				PRODUCT_BUNDLE_IDENTIFIER = me.onat.otrackerUITests;
				PRODUCT_NAME = "$(TARGET_NAME)";
				SWIFT_EMIT_LOC_STRINGS = NO;
				SWIFT_VERSION = 5.0;
				TARGETED_DEVICE_FAMILY = "1,2";
				TEST_TARGET_NAME = otracker;
			};
			name = Release;
		};
/* End XCBuildConfiguration section */

/* Begin XCConfigurationList section */
		6808D4C72DBD54D40069C150 /* Build configuration list for PBXProject "otracker" */ = {
			isa = XCConfigurationList;
			buildConfigurations = (
				6808D4FB2DBD54D50069C150 /* Debug */,
				6808D4FC2DBD54D50069C150 /* Release */,
			);
			defaultConfigurationIsVisible = 0;
			defaultConfigurationName = Release;
		};
		6808D4F82DBD54D50069C150 /* Build configuration list for PBXNativeTarget "otracker" */ = {
			isa = XCConfigurationList;
			buildConfigurations = (
				6808D4F92DBD54D50069C150 /* Debug */,
				6808D4FA2DBD54D50069C150 /* Release */,
			);
			defaultConfigurationIsVisible = 0;
			defaultConfigurationName = Release;
		};
		6808D4FD2DBD54D50069C150 /* Build configuration list for PBXNativeTarget "otrackerTests" */ = {
			isa = XCConfigurationList;
			buildConfigurations = (
				6808D4FE2DBD54D50069C150 /* Debug */,
				6808D4FF2DBD54D50069C150 /* Release */,
			);
			defaultConfigurationIsVisible = 0;
			defaultConfigurationName = Release;
		};
		6808D5002DBD54D50069C150 /* Build configuration list for PBXNativeTarget "otrackerUITests" */ = {
			isa = XCConfigurationList;
			buildConfigurations = (
				6808D5012DBD54D50069C150 /* Debug */,
				6808D5022DBD54D50069C150 /* Release */,
			);
			defaultConfigurationIsVisible = 0;
			defaultConfigurationName = Release;
		};
/* End XCConfigurationList section */

/* Begin XCRemoteSwiftPackageReference section */
		681DE9B42DBDE9DE00565535 /* XCRemoteSwiftPackageReference "DDMathParser" */ = {
			isa = XCRemoteSwiftPackageReference;
			repositoryURL = "https://github.com/davedelong/DDMathParser";
			requirement = {
				kind = upToNextMajorVersion;
				minimumVersion = 3.1.0;
			};
		};
		681F00DD2DBD8872007838C4 /* XCRemoteSwiftPackageReference "Charts" */ = {
			isa = XCRemoteSwiftPackageReference;
			repositoryURL = "https://github.com/ChartsOrg/Charts";
			requirement = {
				kind = upToNextMajorVersion;
				minimumVersion = 5.1.0;
			};
		};
		68D349282DBD699500AC81FE /* XCRemoteSwiftPackageReference "FSCalendar" */ = {
			isa = XCRemoteSwiftPackageReference;
			repositoryURL = "https://github.com/WenchaoD/FSCalendar";
			requirement = {
				kind = upToNextMajorVersion;
				minimumVersion = 2.8.4;
			};
		};
/* End XCRemoteSwiftPackageReference section */

/* Begin XCSwiftPackageProductDependency section */
		681DE9B52DBDE9DE00565535 /* MathParser */ = {
			isa = XCSwiftPackageProductDependency;
			package = 681DE9B42DBDE9DE00565535 /* XCRemoteSwiftPackageReference "DDMathParser" */;
			productName = MathParser;
		};
		681F00DE2DBD8872007838C4 /* DGCharts */ = {
			isa = XCSwiftPackageProductDependency;
			package = 681F00DD2DBD8872007838C4 /* XCRemoteSwiftPackageReference "Charts" */;
			productName = DGCharts;
		};
		68D349292DBD699500AC81FE /* FSCalendar */ = {
			isa = XCSwiftPackageProductDependency;
			package = 68D349282DBD699500AC81FE /* XCRemoteSwiftPackageReference "FSCalendar" */;
			productName = FSCalendar;
		};
/* End XCSwiftPackageProductDependency section */
	};
	rootObject = 6808D4C42DBD54D40069C150 /* Project object */;
}
